
Microsoft Visual Studio Solution File, Format Version 12.00
Project("{FAE04EC0-301F-11D3-BF4B-00C04F79EFBC}") = "NumberSortingAPI", "NumberSortingAPI\NumberSortingAPI.csproj", "{429FA7D6-04AF-492A-8BB5-566E00AAA382}"
EndProject
Global
	GlobalSection(SolutionConfigurationPlatforms) = preSolution
		Debug|Any CPU = Debug|Any CPU
		Release|Any CPU = Release|Any CPU
	EndGlobalSection
	GlobalSection(ProjectConfigurationPlatforms) = postSolution
		{429FA7D6-04AF-492A-8BB5-566E00AAA382}.Debug|Any CPU.ActiveCfg = Debug|Any CPU
		{429FA7D6-04AF-492A-8BB5-566E00AAA382}.Debug|Any CPU.Build.0 = Debug|Any CPU
		{429FA7D6-04AF-492A-8BB5-566E00AAA382}.Release|Any CPU.ActiveCfg = Release|Any CPU
		{429FA7D6-04AF-492A-8BB5-566E00AAA382}.Release|Any CPU.Build.0 = Release|Any CPU
	EndGlobalSection
EndGlobal
